
Microsoft Visual Studio Solution File, Format Version 12.00
# Visual Studio Version 16
VisualStudioVersion = 16.0.29230.47
MinimumVisualStudioVersion = 10.0.40219.1
Project("{FAE04EC0-301F-11D3-BF4B-00C04F79EFBC}") = "inverted-triangle-pattern", "inverted-triangle-pattern.csproj", "{04E7385F-0A64-4911-844B-5AB54CDA6231}"
EndProject
Global
	GlobalSection(SolutionConfigurationPlatforms) = preSolution
		Debug|Any CPU = Debug|Any CPU
		Release|Any CPU = Release|Any CPU
	EndGlobalSection
	GlobalSection(ProjectConfigurationPlatforms) = postSolution
		{04E7385F-0A64-4911-844B-5AB54CDA6231}.Debug|Any CPU.ActiveCfg = Debug|Any CPU
		{04E7385F-0A64-4911-844B-5AB54CDA6231}.Debug|Any CPU.Build.0 = Debug|Any CPU
		{04E7385F-0A64-4911-844B-5AB54CDA6231}.Release|Any CPU.ActiveCfg = Release|Any CPU
		{04E7385F-0A64-4911-844B-5AB54CDA6231}.Release|Any CPU.Build.0 = Release|Any CPU
	EndGlobalSection
	GlobalSection(SolutionProperties) = preSolution
		HideSolutionNode = FALSE
	EndGlobalSection
	GlobalSection(ExtensibilityGlobals) = postSolution
		SolutionGuid = {005CDD97-512A-41FC-A4CF-EAEC0FBEA203}
	EndGlobalSection
EndGlobal
